
Microsoft Visual Studio Solution File, Format Version 12.00
# Visual Studio Version 16
VisualStudioVersion = 16.0.32106.194
MinimumVisualStudioVersion = 10.0.40219.1
Project("{8BC9CEB8-8B4A-11D0-8D11-00A0C91BC942}") = "first", "first.vcxproj", "{5BFEF3A1-908C-48B9-B287-8C4AF6229386}"
EndProject
Global
	GlobalSection(SolutionConfigurationPlatforms) = preSolution
		Debug|x64 = Debug|x64
		Debug|x86 = Debug|x86
		Release|x64 = Release|x64
		Release|x86 = Release|x86
	EndGlobalSection
	GlobalSection(ProjectConfigurationPlatforms) = postSolution
		{5BFEF3A1-908C-48B9-B287-8C4AF6229386}.Debug|x64.ActiveCfg = Debug|x64
		{5BFEF3A1-908C-48B9-B287-8C4AF6229386}.Debug|x64.Build.0 = Debug|x64
		{5BFEF3A1-908C-48B9-B287-8C4AF6229386}.Debug|x86.ActiveCfg = Debug|Win32
		{5BFEF3A1-908C-48B9-B287-8C4AF6229386}.Debug|x86.Build.0 = Debug|Win32
		{5BFEF3A1-908C-48B9-B287-8C4AF6229386}.Release|x64.ActiveCfg = Release|x64
		{5BFEF3A1-908C-48B9-B287-8C4AF6229386}.Release|x64.Build.0 = Release|x64
		{5BFEF3A1-908C-48B9-B287-8C4AF6229386}.Release|x86.ActiveCfg = Release|Win32
		{5BFEF3A1-908C-48B9-B287-8C4AF6229386}.Release|x86.Build.0 = Release|Win32
	EndGlobalSection
	GlobalSection(SolutionProperties) = preSolution
		HideSolutionNode = FALSE
	EndGlobalSection
	GlobalSection(ExtensibilityGlobals) = postSolution
		SolutionGuid = {690BCD54-526A-495C-9FF6-4C0CEEE99AC5}
	EndGlobalSection
EndGlobal
